// !$*UTF8*$!
{
	archiveVersion = 1;
	classes = {
	};
	objectVersion = 48;
	objects = {

/* Begin PBXBuildFile section */
		AE64D47425D93AF500216639 /* Metal.framework in Frameworks */ = {isa = PBXBuildFile; fileRef = AE64D47225D93AF500216639 /* Metal.framework */; };
		AE64D47525D93AF500216639 /* MetalKit.framework in Frameworks */ = {isa = PBXBuildFile; fileRef = AE64D47325D93AF500216639 /* MetalKit.framework */; };
		AE64D47725D93AFA00216639 /* ModelIO.framework in Frameworks */ = {isa = PBXBuildFile; fileRef = AE64D47625D93AFA00216639 /* ModelIO.framework */; };
		AE64D48D25D93C9500216639 /* metal.mm in Sources */ = {isa = PBXBuildFile; fileRef = AE64D48C25D93C9500216639 /* metal.mm */; };
		AE64D49225D93CF100216639 /* AppKit.framework in Frameworks */ = {isa = PBXBuildFile; fileRef = AE64D49125D93CF100216639 /* AppKit.framework */; };
		AE64D4A825D93ED200216639 /* default_font.h in Sources */ = {isa = PBXBuildFile; fileRef = 5ED32E0225D8561B0028F09D /* default_font.h */; };
		AE64D4AB25D93ED200216639 /* gui.h in Sources */ = {isa = PBXBuildFile; fileRef = 5EA9CA9C25D6ED3000097902 /* gui.h */; };
		AE64D4D925D9453E00216639 /* MainMenu.storyboard in Resources */ = {isa = PBXBuildFile; fileRef = AE64D4D725D9453E00216639 /* MainMenu.storyboard */; };
		AE7358D025F2999C008880D5 /* implot.cpp in Sources */ = {isa = PBXBuildFile; fileRef = AE73585725F2999C008880D5 /* implot.cpp */; };
		AE7358D125F2999C008880D5 /* implot_items.cpp in Sources */ = {isa = PBXBuildFile; fileRef = AE73585825F2999C008880D5 /* implot_items.cpp */; };
		AE7358D225F2999C008880D5 /* implot_demo.cpp in Sources */ = {isa = PBXBuildFile; fileRef = AE73585925F2999C008880D5 /* implot_demo.cpp */; };
		AE7358D325F2999C008880D5 /* image.cpp in Sources */ = {isa = PBXBuildFile; fileRef = AE73585D25F2999C008880D5 /* image.cpp */; };
		AE7358D525F2999C008880D5 /* clip.cpp in Sources */ = {isa = PBXBuildFile; fileRef = AE73586225F2999C008880D5 /* clip.cpp */; };
		AE7358D625F2999C008880D5 /* clip_osx.mm in Sources */ = {isa = PBXBuildFile; fileRef = AE73586425F2999C008880D5 /* clip_osx.mm */; };
		AE7358D825F2999C008880D5 /* imgui_widgets.cpp in Sources */ = {isa = PBXBuildFile; fileRef = AE73586A25F2999C008880D5 /* imgui_widgets.cpp */; };
		AE7358DF25F2999C008880D5 /* imgui_impl_metal.mm in Sources */ = {isa = PBXBuildFile; fileRef = AE73588425F2999C008880D5 /* imgui_impl_metal.mm */; };
		AE7358EA25F2999C008880D5 /* imgui_impl_osx.mm in Sources */ = {isa = PBXBuildFile; fileRef = AE73589325F2999C008880D5 /* imgui_impl_osx.mm */; };
		AE7358F325F2999C008880D5 /* imgui.cpp in Sources */ = {isa = PBXBuildFile; fileRef = AE7358A625F2999C008880D5 /* imgui.cpp */; };
		AE7358F425F2999C008880D5 /* imgui_tables.cpp in Sources */ = {isa = PBXBuildFile; fileRef = AE7358A925F2999C008880D5 /* imgui_tables.cpp */; };
		AE7358F525F2999C008880D5 /* imgui_demo.cpp in Sources */ = {isa = PBXBuildFile; fileRef = AE7358AA25F2999C008880D5 /* imgui_demo.cpp */; };
		AE7358F625F2999C008880D5 /* imgui_draw.cpp in Sources */ = {isa = PBXBuildFile; fileRef = AE7358AB25F2999C008880D5 /* imgui_draw.cpp */; };
		AE7358F725F2999C008880D5 /* nfd_cocoa.m in Sources */ = {isa = PBXBuildFile; fileRef = AE7358AF25F2999C008880D5 /* nfd_cocoa.m */; };
		AE7358FA25F2999C008880D5 /* readme.md in Resources */ = {isa = PBXBuildFile; fileRef = AE7358BA25F2999C008880D5 /* readme.md */; };
/* End PBXBuildFile section */

/* Begin PBXFileReference section */
		5EA9CA9C25D6ED3000097902 /* gui.h */ = {isa = PBXFileReference; lastKnownFileType = sourcecode.c.h; path = gui.h; sourceTree = "<group>"; };
		5ED32E0225D8561B0028F09D /* default_font.h */ = {isa = PBXFileReference; lastKnownFileType = sourcecode.c.h; path = default_font.h; sourceTree = "<group>"; };
		AE64D45B25D93A7700216639 /* imgui_vge.app */ = {isa = PBXFileReference; explicitFileType = wrapper.application; includeInIndex = 0; path = imgui_vge.app; sourceTree = BUILT_PRODUCTS_DIR; };
		AE64D47225D93AF500216639 /* Metal.framework */ = {isa = PBXFileReference; lastKnownFileType = wrapper.framework; name = Metal.framework; path = System/Library/Frameworks/Metal.framework; sourceTree = SDKROOT; };
		AE64D47325D93AF500216639 /* MetalKit.framework */ = {isa = PBXFileReference; lastKnownFileType = wrapper.framework; name = MetalKit.framework; path = System/Library/Frameworks/MetalKit.framework; sourceTree = SDKROOT; };
		AE64D47625D93AFA00216639 /* ModelIO.framework */ = {isa = PBXFileReference; lastKnownFileType = wrapper.framework; name = ModelIO.framework; path = System/Library/Frameworks/ModelIO.framework; sourceTree = SDKROOT; };
		AE64D48C25D93C9500216639 /* metal.mm */ = {isa = PBXFileReference; fileEncoding = 4; lastKnownFileType = sourcecode.cpp.objcpp; path = metal.mm; sourceTree = "<group>"; };
		AE64D49125D93CF100216639 /* AppKit.framework */ = {isa = PBXFileReference; lastKnownFileType = wrapper.framework; name = AppKit.framework; path = System/Library/Frameworks/AppKit.framework; sourceTree = SDKROOT; };
		AE64D4D725D9453E00216639 /* MainMenu.storyboard */ = {isa = PBXFileReference; fileEncoding = 4; lastKnownFileType = file.storyboard; path = MainMenu.storyboard; sourceTree = "<group>"; };
		AE64D4D825D9453E00216639 /* Info-macOS.plist */ = {isa = PBXFileReference; fileEncoding = 4; lastKnownFileType = text.plist.xml; path = "Info-macOS.plist"; sourceTree = "<group>"; };
		AE73585725F2999C008880D5 /* implot.cpp */ = {isa = PBXFileReference; fileEncoding = 4; lastKnownFileType = sourcecode.cpp.cpp; path = implot.cpp; sourceTree = "<group>"; };
		AE73585825F2999C008880D5 /* implot_items.cpp */ = {isa = PBXFileReference; fileEncoding = 4; lastKnownFileType = sourcecode.cpp.cpp; path = implot_items.cpp; sourceTree = "<group>"; };
		AE73585925F2999C008880D5 /* implot_demo.cpp */ = {isa = PBXFileReference; fileEncoding = 4; lastKnownFileType = sourcecode.cpp.cpp; path = implot_demo.cpp; sourceTree = "<group>"; };
		AE73585A25F2999C008880D5 /* implot_internal.h */ = {isa = PBXFileReference; fileEncoding = 4; lastKnownFileType = sourcecode.c.h; path = implot_internal.h; sourceTree = "<group>"; };
		AE73585B25F2999C008880D5 /* implot.h */ = {isa = PBXFileReference; fileEncoding = 4; lastKnownFileType = sourcecode.c.h; path = implot.h; sourceTree = "<group>"; };
		AE73585D25F2999C008880D5 /* image.cpp */ = {isa = PBXFileReference; fileEncoding = 4; lastKnownFileType = sourcecode.cpp.cpp; path = image.cpp; sourceTree = "<group>"; };
		AE73585E25F2999C008880D5 /* clip_lock_impl.h */ = {isa = PBXFileReference; fileEncoding = 4; lastKnownFileType = sourcecode.c.h; path = clip_lock_impl.h; sourceTree = "<group>"; };
		AE73585F25F2999C008880D5 /* clip_common.h */ = {isa = PBXFileReference; fileEncoding = 4; lastKnownFileType = sourcecode.c.h; path = clip_common.h; sourceTree = "<group>"; };
		AE73586025F2999C008880D5 /* clip.h */ = {isa = PBXFileReference; fileEncoding = 4; lastKnownFileType = sourcecode.c.h; path = clip.h; sourceTree = "<group>"; };
		AE73586225F2999C008880D5 /* clip.cpp */ = {isa = PBXFileReference; fileEncoding = 4; lastKnownFileType = sourcecode.cpp.cpp; path = clip.cpp; sourceTree = "<group>"; };
		AE73586425F2999C008880D5 /* clip_osx.mm */ = {isa = PBXFileReference; fileEncoding = 4; lastKnownFileType = sourcecode.cpp.objcpp; path = clip_osx.mm; sourceTree = "<group>"; };
		AE73586725F2999C008880D5 /* imgui.h */ = {isa = PBXFileReference; fileEncoding = 4; lastKnownFileType = sourcecode.c.h; path = imgui.h; sourceTree = "<group>"; };
		AE73586825F2999C008880D5 /* imstb_textedit.h */ = {isa = PBXFileReference; fileEncoding = 4; lastKnownFileType = sourcecode.c.h; path = imstb_textedit.h; sourceTree = "<group>"; };
		AE73586925F2999C008880D5 /* imconfig.h */ = {isa = PBXFileReference; fileEncoding = 4; lastKnownFileType = sourcecode.c.h; path = imconfig.h; sourceTree = "<group>"; };
		AE73586A25F2999C008880D5 /* imgui_widgets.cpp */ = {isa = PBXFileReference; fileEncoding = 4; lastKnownFileType = sourcecode.cpp.cpp; path = imgui_widgets.cpp; sourceTree = "<group>"; };
		AE73586B25F2999C008880D5 /* imstb_truetype.h */ = {isa = PBXFileReference; fileEncoding = 4; lastKnownFileType = sourcecode.c.h; path = imstb_truetype.h; sourceTree = "<group>"; };
		AE73587725F2999C008880D5 /* imgui_impl_osx.h */ = {isa = PBXFileReference; fileEncoding = 4; lastKnownFileType = sourcecode.c.h; path = imgui_impl_osx.h; sourceTree = "<group>"; };
		AE73588425F2999C008880D5 /* imgui_impl_metal.mm */ = {isa = PBXFileReference; fileEncoding = 4; lastKnownFileType = sourcecode.cpp.objcpp; path = imgui_impl_metal.mm; sourceTree = "<group>"; };
		AE73588F25F2999C008880D5 /* imgui_impl_metal.h */ = {isa = PBXFileReference; fileEncoding = 4; lastKnownFileType = sourcecode.c.h; path = imgui_impl_metal.h; sourceTree = "<group>"; };
		AE73589325F2999C008880D5 /* imgui_impl_osx.mm */ = {isa = PBXFileReference; fileEncoding = 4; lastKnownFileType = sourcecode.cpp.objcpp; path = imgui_impl_osx.mm; sourceTree = "<group>"; };
		AE7358A625F2999C008880D5 /* imgui.cpp */ = {isa = PBXFileReference; fileEncoding = 4; lastKnownFileType = sourcecode.cpp.cpp; path = imgui.cpp; sourceTree = "<group>"; };
		AE7358A725F2999C008880D5 /* imgui_internal.h */ = {isa = PBXFileReference; fileEncoding = 4; lastKnownFileType = sourcecode.c.h; path = imgui_internal.h; sourceTree = "<group>"; };
		AE7358A825F2999C008880D5 /* imstb_rectpack.h */ = {isa = PBXFileReference; fileEncoding = 4; lastKnownFileType = sourcecode.c.h; path = imstb_rectpack.h; sourceTree = "<group>"; };
		AE7358A925F2999C008880D5 /* imgui_tables.cpp */ = {isa = PBXFileReference; fileEncoding = 4; lastKnownFileType = sourcecode.cpp.cpp; path = imgui_tables.cpp; sourceTree = "<group>"; };
		AE7358AA25F2999C008880D5 /* imgui_demo.cpp */ = {isa = PBXFileReference; fileEncoding = 4; lastKnownFileType = sourcecode.cpp.cpp; path = imgui_demo.cpp; sourceTree = "<group>"; };
		AE7358AB25F2999C008880D5 /* imgui_draw.cpp */ = {isa = PBXFileReference; fileEncoding = 4; lastKnownFileType = sourcecode.cpp.cpp; path = imgui_draw.cpp; sourceTree = "<group>"; };
		AE7358AD25F2999C008880D5 /* nfd.hpp */ = {isa = PBXFileReference; fileEncoding = 4; lastKnownFileType = sourcecode.cpp.h; path = nfd.hpp; sourceTree = "<group>"; };
		AE7358AE25F2999C008880D5 /* nfd.h */ = {isa = PBXFileReference; fileEncoding = 4; lastKnownFileType = sourcecode.c.h; path = nfd.h; sourceTree = "<group>"; };
		AE7358AF25F2999C008880D5 /* nfd_cocoa.m */ = {isa = PBXFileReference; fileEncoding = 4; lastKnownFileType = sourcecode.c.objc; path = nfd_cocoa.m; sourceTree = "<group>"; };
		AE7358B325F2999C008880D5 /* gjson.h */ = {isa = PBXFileReference; fileEncoding = 4; lastKnownFileType = sourcecode.c.h; path = gjson.h; sourceTree = "<group>"; };
		AE7358B425F2999C008880D5 /* error.h */ = {isa = PBXFileReference; fileEncoding = 4; lastKnownFileType = sourcecode.c.h; path = error.h; sourceTree = "<group>"; };
		AE7358B525F2999C008880D5 /* vl.h */ = {isa = PBXFileReference; fileEncoding = 4; lastKnownFileType = sourcecode.c.h; path = vl.h; sourceTree = "<group>"; };
		AE7358B625F2999C008880D5 /* sleep.h */ = {isa = PBXFileReference; fileEncoding = 4; lastKnownFileType = sourcecode.c.h; path = sleep.h; sourceTree = "<group>"; };
		AE7358B725F2999C008880D5 /* task.h */ = {isa = PBXFileReference; fileEncoding = 4; lastKnownFileType = sourcecode.c.h; path = task.h; sourceTree = "<group>"; };
		AE7358B825F2999C008880D5 /* softael.h */ = {isa = PBXFileReference; fileEncoding = 4; lastKnownFileType = sourcecode.c.h; path = softael.h; sourceTree = "<group>"; };
		AE7358B925F2999C008880D5 /* imgui_theme.h */ = {isa = PBXFileReference; fileEncoding = 4; lastKnownFileType = sourcecode.c.h; path = imgui_theme.h; sourceTree = "<group>"; };
		AE7358BA25F2999C008880D5 /* readme.md */ = {isa = PBXFileReference; fileEncoding = 4; lastKnownFileType = net.daringfireball.markdown; path = readme.md; sourceTree = "<group>"; };
		AE7358BB25F2999C008880D5 /* sic.h */ = {isa = PBXFileReference; fileEncoding = 4; lastKnownFileType = sourcecode.c.h; path = sic.h; sourceTree = "<group>"; };
		AE7358BC25F2999C008880D5 /* __pthread__.h */ = {isa = PBXFileReference; fileEncoding = 4; lastKnownFileType = sourcecode.c.h; path = __pthread__.h; sourceTree = "<group>"; };
		AE7358BD25F2999C008880D5 /* vl3d.h */ = {isa = PBXFileReference; fileEncoding = 4; lastKnownFileType = sourcecode.c.h; path = vl3d.h; sourceTree = "<group>"; };
		AE7358BE25F2999C008880D5 /* bz.h */ = {isa = PBXFileReference; fileEncoding = 4; lastKnownFileType = sourcecode.c.h; path = bz.h; sourceTree = "<group>"; };
		AE7358BF25F2999C008880D5 /* sda.h */ = {isa = PBXFileReference; fileEncoding = 4; lastKnownFileType = sourcecode.c.h; path = sda.h; sourceTree = "<group>"; };
		AE7358C025F2999C008880D5 /* ga.h */ = {isa = PBXFileReference; fileEncoding = 4; lastKnownFileType = sourcecode.c.h; path = ga.h; sourceTree = "<group>"; };
		AE7358C125F2999C008880D5 /* imgui_w.h */ = {isa = PBXFileReference; fileEncoding = 4; lastKnownFileType = sourcecode.c.h; path = imgui_w.h; sourceTree = "<group>"; };
		AEA82B3D25E97945001A8725 /* imgui_vge.entitlements */ = {isa = PBXFileReference; lastKnownFileType = text.plist.entitlements; path = imgui_vge.entitlements; sourceTree = "<group>"; };
		AEA82B4125E97B5C001A8725 /* gui_w.h */ = {isa = PBXFileReference; lastKnownFileType = sourcecode.c.h; path = gui_w.h; sourceTree = "<group>"; };
		AEA82B4225E97B5C001A8725 /* gui_menu.h */ = {isa = PBXFileReference; lastKnownFileType = sourcecode.c.h; path = gui_menu.h; sourceTree = "<group>"; };
		AEA82B4325E97B5C001A8725 /* gui_tbar.h */ = {isa = PBXFileReference; lastKnownFileType = sourcecode.c.h; path = gui_tbar.h; sourceTree = "<group>"; };
		AEA82B4625E9840D001A8725 /* vge.h */ = {isa = PBXFileReference; lastKnownFileType = sourcecode.c.h; path = vge.h; sourceTree = "<group>"; };
/* End PBXFileReference section */

/* Begin PBXFrameworksBuildPhase section */
		AE64D45825D93A7700216639 /* Frameworks */ = {
			isa = PBXFrameworksBuildPhase;
			buildActionMask = 2147483647;
			files = (
				AE64D49225D93CF100216639 /* AppKit.framework in Frameworks */,
				AE64D47725D93AFA00216639 /* ModelIO.framework in Frameworks */,
				AE64D47425D93AF500216639 /* Metal.framework in Frameworks */,
				AE64D47525D93AF500216639 /* MetalKit.framework in Frameworks */,
			);
			runOnlyForDeploymentPostprocessing = 0;
		};
/* End PBXFrameworksBuildPhase section */

/* Begin PBXGroup section */
		4080A96220B029B00036BA46 = {
			isa = PBXGroup;
			children = (
				AE73585125F2999C008880D5 /* lib_gui */,
				AE7358B225F2999C008880D5 /* lib_internal */,
				5EA9CAA725D6ED3900097902 /* lib */,
				5EA9CA9625D6ED2700097902 /* res */,
				5EA9CA9925D6ED3000097902 /* src */,
				AE64D45C25D93A7700216639 /* imgui_vge */,
				4080A96C20B029B00036BA46 /* Products */,
				AE64D47125D93AF400216639 /* Frameworks */,
			);
			sourceTree = "<group>";
		};
		4080A96C20B029B00036BA46 /* Products */ = {
			isa = PBXGroup;
			children = (
				AE64D45B25D93A7700216639 /* imgui_vge.app */,
			);
			name = Products;
			sourceTree = "<group>";
		};
		5EA9CA9625D6ED2700097902 /* res */ = {
			isa = PBXGroup;
			children = (
				5EA9CA9725D6ED2700097902 /* fonts */,
			);
			name = res;
			path = ../../res;
			sourceTree = "<group>";
		};
		5EA9CA9725D6ED2700097902 /* fonts */ = {
			isa = PBXGroup;
			children = (
				5ED32E0225D8561B0028F09D /* default_font.h */,
			);
			path = fonts;
			sourceTree = "<group>";
		};
		5EA9CA9925D6ED3000097902 /* src */ = {
			isa = PBXGroup;
			children = (
				5EA9CA9C25D6ED3000097902 /* gui.h */,
				AEA82B4225E97B5C001A8725 /* gui_menu.h */,
				AEA82B4325E97B5C001A8725 /* gui_tbar.h */,
				AEA82B4125E97B5C001A8725 /* gui_w.h */,
				AEA82B4625E9840D001A8725 /* vge.h */,
				5EA9CA9D25D6ED3000097902 /* mac */,
			);
			name = src;
			path = ..;
			sourceTree = "<group>";
		};
		5EA9CA9D25D6ED3000097902 /* mac */ = {
			isa = PBXGroup;
			children = (
				AE64D48C25D93C9500216639 /* metal.mm */,
			);
			path = mac;
			sourceTree = "<group>";
		};
		5EA9CAA725D6ED3900097902 /* lib */ = {
			isa = PBXGroup;
			children = (
			);
			name = lib;
			path = ../../lib;
			sourceTree = "<group>";
		};
		AE64D45C25D93A7700216639 /* imgui_vge */ = {
			isa = PBXGroup;
			children = (
				AE64D4D825D9453E00216639 /* Info-macOS.plist */,
				AE64D4D725D9453E00216639 /* MainMenu.storyboard */,
				AEA82B3D25E97945001A8725 /* imgui_vge.entitlements */,
			);
			path = imgui_vge;
			sourceTree = "<group>";
		};
		AE64D47125D93AF400216639 /* Frameworks */ = {
			isa = PBXGroup;
			children = (
				AE64D49125D93CF100216639 /* AppKit.framework */,
				AE64D47625D93AFA00216639 /* ModelIO.framework */,
				AE64D47225D93AF500216639 /* Metal.framework */,
				AE64D47325D93AF500216639 /* MetalKit.framework */,
			);
			name = Frameworks;
			sourceTree = "<group>";
		};
		AE73585125F2999C008880D5 /* lib_gui */ = {
			isa = PBXGroup;
			children = (
				AE73585525F2999C008880D5 /* lib */,
			);
			name = lib_gui;
			path = ../../lib_gui;
			sourceTree = "<group>";
		};
		AE73585525F2999C008880D5 /* lib */ = {
			isa = PBXGroup;
			children = (
				AE73585625F2999C008880D5 /* implot */,
				AE73585C25F2999C008880D5 /* clip */,
				AE73586625F2999C008880D5 /* imgui */,
				AE7358AC25F2999C008880D5 /* nfde */,
			);
			path = lib;
			sourceTree = "<group>";
		};
		AE73585625F2999C008880D5 /* implot */ = {
			isa = PBXGroup;
			children = (
				AE73585725F2999C008880D5 /* implot.cpp */,
				AE73585825F2999C008880D5 /* implot_items.cpp */,
				AE73585925F2999C008880D5 /* implot_demo.cpp */,
				AE73585A25F2999C008880D5 /* implot_internal.h */,
				AE73585B25F2999C008880D5 /* implot.h */,
			);
			path = implot;
			sourceTree = "<group>";
		};
		AE73585C25F2999C008880D5 /* clip */ = {
			isa = PBXGroup;
			children = (
				AE73585D25F2999C008880D5 /* image.cpp */,
				AE73585E25F2999C008880D5 /* clip_lock_impl.h */,
				AE73585F25F2999C008880D5 /* clip_common.h */,
				AE73586025F2999C008880D5 /* clip.h */,
				AE73586225F2999C008880D5 /* clip.cpp */,
				AE73586425F2999C008880D5 /* clip_osx.mm */,
			);
			path = clip;
			sourceTree = "<group>";
		};
		AE73586625F2999C008880D5 /* imgui */ = {
			isa = PBXGroup;
			children = (
				AE73586725F2999C008880D5 /* imgui.h */,
				AE73586825F2999C008880D5 /* imstb_textedit.h */,
				AE73586925F2999C008880D5 /* imconfig.h */,
				AE73586A25F2999C008880D5 /* imgui_widgets.cpp */,
				AE73586B25F2999C008880D5 /* imstb_truetype.h */,
				AE73586C25F2999C008880D5 /* backends */,
				AE7358A625F2999C008880D5 /* imgui.cpp */,
				AE7358A725F2999C008880D5 /* imgui_internal.h */,
				AE7358A825F2999C008880D5 /* imstb_rectpack.h */,
				AE7358A925F2999C008880D5 /* imgui_tables.cpp */,
				AE7358AA25F2999C008880D5 /* imgui_demo.cpp */,
				AE7358AB25F2999C008880D5 /* imgui_draw.cpp */,
			);
			path = imgui;
			sourceTree = "<group>";
		};
		AE73586C25F2999C008880D5 /* backends */ = {
			isa = PBXGroup;
			children = (
				AE73587725F2999C008880D5 /* imgui_impl_osx.h */,
				AE73588425F2999C008880D5 /* imgui_impl_metal.mm */,
				AE73588F25F2999C008880D5 /* imgui_impl_metal.h */,
				AE73589325F2999C008880D5 /* imgui_impl_osx.mm */,
			);
			path = backends;
			sourceTree = "<group>";
		};
		AE7358AC25F2999C008880D5 /* nfde */ = {
			isa = PBXGroup;
			children = (
				AE7358AD25F2999C008880D5 /* nfd.hpp */,
				AE7358AE25F2999C008880D5 /* nfd.h */,
				AE7358AF25F2999C008880D5 /* nfd_cocoa.m */,
			);
			path = nfde;
			sourceTree = "<group>";
		};
		AE7358B225F2999C008880D5 /* lib_internal */ = {
			isa = PBXGroup;
			children = (
				AE7358B325F2999C008880D5 /* gjson.h */,
				AE7358B425F2999C008880D5 /* error.h */,
				AE7358B525F2999C008880D5 /* vl.h */,
				AE7358B625F2999C008880D5 /* sleep.h */,
				AE7358B725F2999C008880D5 /* task.h */,
				AE7358B825F2999C008880D5 /* softael.h */,
				AE7358B925F2999C008880D5 /* imgui_theme.h */,
				AE7358BA25F2999C008880D5 /* readme.md */,
				AE7358BB25F2999C008880D5 /* sic.h */,
				AE7358BC25F2999C008880D5 /* __pthread__.h */,
				AE7358BD25F2999C008880D5 /* vl3d.h */,
				AE7358BE25F2999C008880D5 /* bz.h */,
				AE7358BF25F2999C008880D5 /* sda.h */,
				AE7358C025F2999C008880D5 /* ga.h */,
				AE7358C125F2999C008880D5 /* imgui_w.h */,
			);
			name = lib_internal;
			path = ../../lib_internal;
			sourceTree = "<group>";
		};
/* End PBXGroup section */

/* Begin PBXNativeTarget section */
		AE64D45A25D93A7700216639 /* imgui_vge */ = {
			isa = PBXNativeTarget;
			buildConfigurationList = AE64D46C25D93A7A00216639 /* Build configuration list for PBXNativeTarget "imgui_vge" */;
			buildPhases = (
				AE64D45725D93A7700216639 /* Sources */,
				AE64D45825D93A7700216639 /* Frameworks */,
				AE64D45925D93A7700216639 /* Resources */,
			);
			buildRules = (
			);
			dependencies = (
			);
			name = imgui_vge;
			productName = lb_manager;
			productReference = AE64D45B25D93A7700216639 /* imgui_vge.app */;
			productType = "com.apple.product-type.application";
		};
/* End PBXNativeTarget section */

/* Begin PBXProject section */
		4080A96320B029B00036BA46 /* Project object */ = {
			isa = PBXProject;
			attributes = {
				LastUpgradeCheck = 1240;
				ORGANIZATIONNAME = softael;
				TargetAttributes = {
					AE64D45A25D93A7700216639 = {
						CreatedOnToolsVersion = 12.4;
						ProvisioningStyle = Automatic;
					};
				};
			};
			buildConfigurationList = 4080A96620B029B00036BA46 /* Build configuration list for PBXProject "imgui_vge" */;
			compatibilityVersion = "Xcode 8.0";
			developmentRegion = en;
			hasScannedForEncodings = 0;
			knownRegions = (
				en,
				Base,
			);
			mainGroup = 4080A96220B029B00036BA46;
			productRefGroup = 4080A96C20B029B00036BA46 /* Products */;
			projectDirPath = "";
			projectRoot = "";
			targets = (
				AE64D45A25D93A7700216639 /* imgui_vge */,
			);
		};
/* End PBXProject section */

/* Begin PBXResourcesBuildPhase section */
		AE64D45925D93A7700216639 /* Resources */ = {
			isa = PBXResourcesBuildPhase;
			buildActionMask = 2147483647;
			files = (
				AE64D4D925D9453E00216639 /* MainMenu.storyboard in Resources */,
				AE7358FA25F2999C008880D5 /* readme.md in Resources */,
			);
			runOnlyForDeploymentPostprocessing = 0;
		};
/* End PBXResourcesBuildPhase section */

/* Begin PBXSourcesBuildPhase section */
		AE64D45725D93A7700216639 /* Sources */ = {
			isa = PBXSourcesBuildPhase;
			buildActionMask = 2147483647;
			files = (
				AE7358DF25F2999C008880D5 /* imgui_impl_metal.mm in Sources */,
				AE7358F425F2999C008880D5 /* imgui_tables.cpp in Sources */,
				AE7358D525F2999C008880D5 /* clip.cpp in Sources */,
				AE7358D325F2999C008880D5 /* image.cpp in Sources */,
				AE7358F325F2999C008880D5 /* imgui.cpp in Sources */,
				AE7358D025F2999C008880D5 /* implot.cpp in Sources */,
				AE64D4A825D93ED200216639 /* default_font.h in Sources */,
				AE64D4AB25D93ED200216639 /* gui.h in Sources */,
				AE7358D625F2999C008880D5 /* clip_osx.mm in Sources */,
				AE64D48D25D93C9500216639 /* metal.mm in Sources */,
				AE7358D825F2999C008880D5 /* imgui_widgets.cpp in Sources */,
				AE7358D225F2999C008880D5 /* implot_demo.cpp in Sources */,
				AE7358D125F2999C008880D5 /* implot_items.cpp in Sources */,
				AE7358F725F2999C008880D5 /* nfd_cocoa.m in Sources */,
				AE7358F625F2999C008880D5 /* imgui_draw.cpp in Sources */,
				AE7358EA25F2999C008880D5 /* imgui_impl_osx.mm in Sources */,
				AE7358F525F2999C008880D5 /* imgui_demo.cpp in Sources */,
			);
			runOnlyForDeploymentPostprocessing = 0;
		};
/* End PBXSourcesBuildPhase section */

/* Begin XCBuildConfiguration section */
		4080A97020B029B00036BA46 /* Debug */ = {
			isa = XCBuildConfiguration;
			buildSettings = {
				ALWAYS_SEARCH_USER_PATHS = NO;
				CLANG_ANALYZER_NONNULL = YES;
				CLANG_ANALYZER_NUMBER_OBJECT_CONVERSION = YES_AGGRESSIVE;
				CLANG_CXX_LANGUAGE_STANDARD = "gnu++14";
				CLANG_CXX_LIBRARY = "libc++";
				CLANG_ENABLE_MODULES = YES;
				CLANG_ENABLE_OBJC_ARC = YES;
				CLANG_ENABLE_OBJC_WEAK = YES;
				CLANG_WARN_BLOCK_CAPTURE_AUTORELEASING = YES;
				CLANG_WARN_BOOL_CONVERSION = YES;
				CLANG_WARN_COMMA = YES;
				CLANG_WARN_CONSTANT_CONVERSION = YES;
				CLANG_WARN_DEPRECATED_OBJC_IMPLEMENTATIONS = YES;
				CLANG_WARN_DIRECT_OBJC_ISA_USAGE = YES_ERROR;
				CLANG_WARN_DOCUMENTATION_COMMENTS = YES;
				CLANG_WARN_EMPTY_BODY = YES;
				CLANG_WARN_ENUM_CONVERSION = YES;
				CLANG_WARN_INFINITE_RECURSION = YES;
				CLANG_WARN_INT_CONVERSION = YES;
				CLANG_WARN_NON_LITERAL_NULL_CONVERSION = YES;
				CLANG_WARN_OBJC_IMPLICIT_RETAIN_SELF = YES;
				CLANG_WARN_OBJC_LITERAL_CONVERSION = YES;
				CLANG_WARN_OBJC_ROOT_CLASS = YES_ERROR;
				CLANG_WARN_QUOTED_INCLUDE_IN_FRAMEWORK_HEADER = YES;
				CLANG_WARN_RANGE_LOOP_ANALYSIS = YES;
				CLANG_WARN_STRICT_PROTOTYPES = YES;
				CLANG_WARN_SUSPICIOUS_MOVE = YES;
				CLANG_WARN_UNGUARDED_AVAILABILITY = YES_AGGRESSIVE;
				CLANG_WARN_UNREACHABLE_CODE = YES;
				CLANG_WARN__DUPLICATE_METHOD_MATCH = YES;
				CODE_SIGN_IDENTITY = "-";
				COPY_PHASE_STRIP = NO;
				DEBUG_INFORMATION_FORMAT = dwarf;
				ENABLE_STRICT_OBJC_MSGSEND = YES;
				ENABLE_TESTABILITY = YES;
				GCC_C_LANGUAGE_STANDARD = gnu11;
				GCC_DYNAMIC_NO_PIC = NO;
				GCC_NO_COMMON_BLOCKS = YES;
				GCC_OPTIMIZATION_LEVEL = 0;
				GCC_PREPROCESSOR_DEFINITIONS = (
					"DEBUG=1",
					"$(inherited)",
				);
				GCC_WARN_64_TO_32_BIT_CONVERSION = YES;
				GCC_WARN_ABOUT_RETURN_TYPE = YES_ERROR;
				GCC_WARN_UNDECLARED_SELECTOR = YES;
				GCC_WARN_UNINITIALIZED_AUTOS = YES_AGGRESSIVE;
				GCC_WARN_UNUSED_FUNCTION = YES;
				GCC_WARN_UNUSED_VARIABLE = YES;
				HEADER_SEARCH_PATHS = "../../**";
				MACOSX_DEPLOYMENT_TARGET = 10.12;
				MTL_ENABLE_DEBUG_INFO = YES;
				ONLY_ACTIVE_ARCH = YES;
				SDKROOT = macosx;
			};
			name = Debug;
		};
		4080A97120B029B00036BA46 /* Release */ = {
			isa = XCBuildConfiguration;
			buildSettings = {
				ALWAYS_SEARCH_USER_PATHS = NO;
				CLANG_ANALYZER_NONNULL = YES;
				CLANG_ANALYZER_NUMBER_OBJECT_CONVERSION = YES_AGGRESSIVE;
				CLANG_CXX_LANGUAGE_STANDARD = "gnu++14";
				CLANG_CXX_LIBRARY = "libc++";
				CLANG_ENABLE_MODULES = YES;
				CLANG_ENABLE_OBJC_ARC = YES;
				CLANG_ENABLE_OBJC_WEAK = YES;
				CLANG_WARN_BLOCK_CAPTURE_AUTORELEASING = YES;
				CLANG_WARN_BOOL_CONVERSION = YES;
				CLANG_WARN_COMMA = YES;
				CLANG_WARN_CONSTANT_CONVERSION = YES;
				CLANG_WARN_DEPRECATED_OBJC_IMPLEMENTATIONS = YES;
				CLANG_WARN_DIRECT_OBJC_ISA_USAGE = YES_ERROR;
				CLANG_WARN_DOCUMENTATION_COMMENTS = YES;
				CLANG_WARN_EMPTY_BODY = YES;
				CLANG_WARN_ENUM_CONVERSION = YES;
				CLANG_WARN_INFINITE_RECURSION = YES;
				CLANG_WARN_INT_CONVERSION = YES;
				CLANG_WARN_NON_LITERAL_NULL_CONVERSION = YES;
				CLANG_WARN_OBJC_IMPLICIT_RETAIN_SELF = YES;
				CLANG_WARN_OBJC_LITERAL_CONVERSION = YES;
				CLANG_WARN_OBJC_ROOT_CLASS = YES_ERROR;
				CLANG_WARN_QUOTED_INCLUDE_IN_FRAMEWORK_HEADER = YES;
				CLANG_WARN_RANGE_LOOP_ANALYSIS = YES;
				CLANG_WARN_STRICT_PROTOTYPES = YES;
				CLANG_WARN_SUSPICIOUS_MOVE = YES;
				CLANG_WARN_UNGUARDED_AVAILABILITY = YES_AGGRESSIVE;
				CLANG_WARN_UNREACHABLE_CODE = YES;
				CLANG_WARN__DUPLICATE_METHOD_MATCH = YES;
				CODE_SIGN_IDENTITY = "-";
				COPY_PHASE_STRIP = NO;
				DEBUG_INFORMATION_FORMAT = "dwarf-with-dsym";
				ENABLE_NS_ASSERTIONS = NO;
				ENABLE_STRICT_OBJC_MSGSEND = YES;
				GCC_C_LANGUAGE_STANDARD = gnu11;
				GCC_NO_COMMON_BLOCKS = YES;
				GCC_WARN_64_TO_32_BIT_CONVERSION = YES;
				GCC_WARN_ABOUT_RETURN_TYPE = YES_ERROR;
				GCC_WARN_UNDECLARED_SELECTOR = YES;
				GCC_WARN_UNINITIALIZED_AUTOS = YES_AGGRESSIVE;
				GCC_WARN_UNUSED_FUNCTION = YES;
				GCC_WARN_UNUSED_VARIABLE = YES;
				HEADER_SEARCH_PATHS = "../../**";
				MACOSX_DEPLOYMENT_TARGET = 10.12;
				MTL_ENABLE_DEBUG_INFO = NO;
				SDKROOT = macosx;
			};
			name = Release;
		};
		AE64D46D25D93A7A00216639 /* Debug */ = {
			isa = XCBuildConfiguration;
			buildSettings = {
				ALWAYS_SEARCH_USER_PATHS = YES;
				ASSETCATALOG_COMPILER_GLOBAL_ACCENT_COLOR_NAME = AccentColor;
				CLANG_WARN_QUOTED_INCLUDE_IN_FRAMEWORK_HEADER = YES;
				CODE_SIGN_ENTITLEMENTS = imgui_vge/imgui_vge.entitlements;
				CODE_SIGN_IDENTITY = "Apple Development";
				CODE_SIGN_STYLE = Automatic;
				COMBINE_HIDPI_IMAGES = YES;
				DEVELOPMENT_TEAM = WQ67YD278N;
				HEADER_SEARCH_PATHS = (
					"../../**",
					"../../lib_gui/**",
					"../../lib_internal/**",
				);
				INFOPLIST_FILE = "imgui_vge/Info-macOS.plist";
				LD_RUNPATH_SEARCH_PATHS = "$(inherited) @executable_path/../Frameworks";
				MACOSX_DEPLOYMENT_TARGET = 11.1;
				MTL_ENABLE_DEBUG_INFO = INCLUDE_SOURCE;
				MTL_FAST_MATH = YES;
				OTHER_CFLAGS = "";
				PRODUCT_BUNDLE_IDENTIFIER = "softael.lb-manager";
				PRODUCT_NAME = "$(TARGET_NAME)";
			};
			name = Debug;
		};
		AE64D46E25D93A7A00216639 /* Release */ = {
			isa = XCBuildConfiguration;
			buildSettings = {
				ALWAYS_SEARCH_USER_PATHS = YES;
				ASSETCATALOG_COMPILER_GLOBAL_ACCENT_COLOR_NAME = AccentColor;
				CLANG_WARN_QUOTED_INCLUDE_IN_FRAMEWORK_HEADER = YES;
				CODE_SIGN_ENTITLEMENTS = imgui_vge/imgui_vge.entitlements;
				CODE_SIGN_IDENTITY = "Apple Development";
				CODE_SIGN_STYLE = Automatic;
				COMBINE_HIDPI_IMAGES = YES;
				DEVELOPMENT_TEAM = WQ67YD278N;
				HEADER_SEARCH_PATHS = (
					"../../**",
					"../../lib_gui/**",
					"../../lib_internal/**",
				);
				INFOPLIST_FILE = "imgui_vge/Info-macOS.plist";
				LD_RUNPATH_SEARCH_PATHS = "$(inherited) @executable_path/../Frameworks";
				MACOSX_DEPLOYMENT_TARGET = 11.1;
				MTL_FAST_MATH = YES;
				OTHER_CFLAGS = "";
				PRODUCT_BUNDLE_IDENTIFIER = "softael.lb-manager";
				PRODUCT_NAME = "$(TARGET_NAME)";
			};
			name = Release;
		};
/* End XCBuildConfiguration section */

/* Begin XCConfigurationList section */
		4080A96620B029B00036BA46 /* Build configuration list for PBXProject "imgui_vge" */ = {
			isa = XCConfigurationList;
			buildConfigurations = (
				4080A97020B029B00036BA46 /* Debug */,
				4080A97120B029B00036BA46 /* Release */,
			);
			defaultConfigurationIsVisible = 0;
			defaultConfigurationName = Release;
		};
		AE64D46C25D93A7A00216639 /* Build configuration list for PBXNativeTarget "imgui_vge" */ = {
			isa = XCConfigurationList;
			buildConfigurations = (
				AE64D46D25D93A7A00216639 /* Debug */,
				AE64D46E25D93A7A00216639 /* Release */,
			);
			defaultConfigurationIsVisible = 0;
			defaultConfigurationName = Release;
		};
/* End XCConfigurationList section */
	};
	rootObject = 4080A96320B029B00036BA46 /* Project object */;
}
